<?xml version="1.0" encoding="utf-8"?>
<Project ToolsVersion="4.0" xmlns="http://schemas.microsoft.com/developer/msbuild/2003">
	<ItemGroup>
		<Filter Include="core">
			<UniqueIdentifier>{11AEC53D-FF65-F0FF-B57B-DD4D54EA1F2C}</UniqueIdentifier>
		</Filter>
		<Filter Include="libpng">
			<UniqueIdentifier>{37BEF31A-78EA-97F6-6049-CDFC7550CAB6}</UniqueIdentifier>
		</Filter>
		<Filter Include="libpng\zlib">
			<UniqueIdentifier>{614154AA-34B1-A913-CA65-D6FDCC54D510}</UniqueIdentifier>
		</Filter>
	</ItemGroup>
	<ItemGroup>
		<ClInclude Include="Framework.hpp" />
		<ClInclude Include="glew.hpp" />
	</ItemGroup>
	<ItemGroup>
		<ClCompile Include="Framework.cpp" />
		<ClCompile Include="main.cpp" />
		<ClCompile Include="core\Vector4.cpp">
			<Filter>core</Filter>
		</ClCompile>
		<ClCompile Include="core\Matrix2x2.cpp">
			<Filter>core</Filter>
		</ClCompile>
		<ClCompile Include="core\Matrix4x4.cpp">
			<Filter>core</Filter>
		</ClCompile>
		<ClCompile Include="core\Vector3.cpp">
			<Filter>core</Filter>
		</ClCompile>
		<ClCompile Include="core\Vector2.cpp">
			<Filter>core</Filter>
		</ClCompile>
		<ClCompile Include="core\Affine.cpp">
			<Filter>core</Filter>
		</ClCompile>
		<ClCompile Include="core\Matrix3x3.cpp">
			<Filter>core</Filter>
		</ClCompile>
		<ClCompile Include="core\Projection.cpp">
			<Filter>core</Filter>
		</ClCompile>
		<ClCompile Include="libpng\pngwutil.c">
			<Filter>libpng</Filter>
		</ClCompile>
		<ClCompile Include="libpng\pngset.c">
			<Filter>libpng</Filter>
		</ClCompile>
		<ClCompile Include="libpng\png.c">
			<Filter>libpng</Filter>
		</ClCompile>
		<ClCompile Include="libpng\pngerror.c">
			<Filter>libpng</Filter>
		</ClCompile>
		<ClCompile Include="libpng\pngrutil.c">
			<Filter>libpng</Filter>
		</ClCompile>
		<ClCompile Include="libpng\pngtrans.c">
			<Filter>libpng</Filter>
		</ClCompile>
		<ClCompile Include="libpng\pngmem.c">
			<Filter>libpng</Filter>
		</ClCompile>
		<ClCompile Include="libpng\pngwtran.c">
			<Filter>libpng</Filter>
		</ClCompile>
		<ClCompile Include="libpng\pngrtran.c">
			<Filter>libpng</Filter>
		</ClCompile>
		<ClCompile Include="libpng\pngget.c">
			<Filter>libpng</Filter>
		</ClCompile>
		<ClCompile Include="libpng\pngwio.c">
			<Filter>libpng</Filter>
		</ClCompile>
		<ClCompile Include="libpng\pngwrite.c">
			<Filter>libpng</Filter>
		</ClCompile>
		<ClCompile Include="libpng\pngvcrd.c">
			<Filter>libpng</Filter>
		</ClCompile>
		<ClCompile Include="libpng\pngread.c">
			<Filter>libpng</Filter>
		</ClCompile>
		<ClCompile Include="libpng\pnggccrd.c">
			<Filter>libpng</Filter>
		</ClCompile>
		<ClCompile Include="libpng\pngrio.c">
			<Filter>libpng</Filter>
		</ClCompile>
		<ClCompile Include="libpng\pngpread.c">
			<Filter>libpng</Filter>
		</ClCompile>
		<ClCompile Include="libpng\zlib\adler32.c">
			<Filter>libpng\zlib</Filter>
		</ClCompile>
		<ClCompile Include="libpng\zlib\uncompr.c">
			<Filter>libpng\zlib</Filter>
		</ClCompile>
		<ClCompile Include="libpng\zlib\trees.c">
			<Filter>libpng\zlib</Filter>
		</ClCompile>
		<ClCompile Include="libpng\zlib\inffast.c">
			<Filter>libpng\zlib</Filter>
		</ClCompile>
		<ClCompile Include="libpng\zlib\zutil.c">
			<Filter>libpng\zlib</Filter>
		</ClCompile>
		<ClCompile Include="libpng\zlib\crc32.c">
			<Filter>libpng\zlib</Filter>
		</ClCompile>
		<ClCompile Include="libpng\zlib\deflate.c">
			<Filter>libpng\zlib</Filter>
		</ClCompile>
		<ClCompile Include="libpng\zlib\inftrees.c">
			<Filter>libpng\zlib</Filter>
		</ClCompile>
		<ClCompile Include="libpng\zlib\inflate.c">
			<Filter>libpng\zlib</Filter>
		</ClCompile>
		<ClCompile Include="libpng\zlib\compress.c">
			<Filter>libpng\zlib</Filter>
		</ClCompile>
	</ItemGroup>
</Project>
